
Microsoft Visual Studio Solution File, Format Version 12.00
Project("{FAE04EC0-301F-11D3-BF4B-00C04F79EFBC}") = "Thorarin.AdventOfCode", "Thorarin.AdventOfCode\Thorarin.AdventOfCode.csproj", "{83FBF0CC-E2C9-425F-A4AD-15072581A9D2}"
EndProject
Global
	GlobalSection(SolutionConfigurationPlatforms) = preSolution
		Debug|Any CPU = Debug|Any CPU
		Release|Any CPU = Release|Any CPU
	EndGlobalSection
	GlobalSection(ProjectConfigurationPlatforms) = postSolution
		{83FBF0CC-E2C9-425F-A4AD-15072581A9D2}.Debug|Any CPU.ActiveCfg = Debug|Any CPU
		{83FBF0CC-E2C9-425F-A4AD-15072581A9D2}.Debug|Any CPU.Build.0 = Debug|Any CPU
		{83FBF0CC-E2C9-425F-A4AD-15072581A9D2}.Release|Any CPU.ActiveCfg = Release|Any CPU
		{83FBF0CC-E2C9-425F-A4AD-15072581A9D2}.Release|Any CPU.Build.0 = Release|Any CPU
	EndGlobalSection
EndGlobal
